
Microsoft Visual Studio Solution File, Format Version 12.00
# Visual Studio Version 16
VisualStudioVersion = 16.0.31105.61
MinimumVisualStudioVersion = 10.0.40219.1
Project("{9A19103F-16F7-4668-BE54-9A1E7A4F7556}") = "BundlingIssue", "BundlingIssue.csproj", "{6FF91648-F3BE-4640-BF66-5DC1E9DDF7F2}"
EndProject
Project("{2150E333-8FDC-42A3-9474-1A3956D46DE8}") = "Solution Items", "Solution Items", "{407E7A0A-9DAF-4794-BE55-11052293ED0C}"
	ProjectSection(SolutionItems) = preProject
		.github\workflows\dotnet.yml = .github\workflows\dotnet.yml
	EndProjectSection
EndProject
Global
	GlobalSection(SolutionConfigurationPlatforms) = preSolution
		Debug|Any CPU = Debug|Any CPU
		Release|Any CPU = Release|Any CPU
	EndGlobalSection
	GlobalSection(ProjectConfigurationPlatforms) = postSolution
		{6FF91648-F3BE-4640-BF66-5DC1E9DDF7F2}.Debug|Any CPU.ActiveCfg = Debug|Any CPU
		{6FF91648-F3BE-4640-BF66-5DC1E9DDF7F2}.Debug|Any CPU.Build.0 = Debug|Any CPU
		{6FF91648-F3BE-4640-BF66-5DC1E9DDF7F2}.Release|Any CPU.ActiveCfg = Release|Any CPU
		{6FF91648-F3BE-4640-BF66-5DC1E9DDF7F2}.Release|Any CPU.Build.0 = Release|Any CPU
	EndGlobalSection
	GlobalSection(SolutionProperties) = preSolution
		HideSolutionNode = FALSE
	EndGlobalSection
	GlobalSection(ExtensibilityGlobals) = postSolution
		SolutionGuid = {45895637-3BB8-4AB7-AC8C-B9BC1316F87D}
	EndGlobalSection
EndGlobal
